
Microsoft Visual Studio Solution File, Format Version 12.00
# Visual Studio Version 16
VisualStudioVersion = 16.0.32106.194
MinimumVisualStudioVersion = 10.0.40219.1
Project("{9A19103F-16F7-4668-BE54-9A1E7A4F7556}") = "HRMShop.App", "HRMShop.App\HRMShop.App.csproj", "{F155360A-1E25-4258-A8CA-4DBA451AE858}"
EndProject
Project("{9A19103F-16F7-4668-BE54-9A1E7A4F7556}") = "HRMShop.Shared", "HRMShop.Shared\HRMShop.Shared.csproj", "{2D2F1E75-7826-4DAD-BDCC-4B64A11D757D}"
EndProject
Project("{9A19103F-16F7-4668-BE54-9A1E7A4F7556}") = "HRMShop.Api", "HRMShop.Api\HRMShop.Api.csproj", "{0F07EB74-E9A1-4109-BCE8-75C74BE7E182}"
EndProject
Global
	GlobalSection(SolutionConfigurationPlatforms) = preSolution
		Debug|Any CPU = Debug|Any CPU
		Release|Any CPU = Release|Any CPU
	EndGlobalSection
	GlobalSection(ProjectConfigurationPlatforms) = postSolution
		{F155360A-1E25-4258-A8CA-4DBA451AE858}.Debug|Any CPU.ActiveCfg = Debug|Any CPU
		{F155360A-1E25-4258-A8CA-4DBA451AE858}.Debug|Any CPU.Build.0 = Debug|Any CPU
		{F155360A-1E25-4258-A8CA-4DBA451AE858}.Release|Any CPU.ActiveCfg = Release|Any CPU
		{F155360A-1E25-4258-A8CA-4DBA451AE858}.Release|Any CPU.Build.0 = Release|Any CPU
		{2D2F1E75-7826-4DAD-BDCC-4B64A11D757D}.Debug|Any CPU.ActiveCfg = Debug|Any CPU
		{2D2F1E75-7826-4DAD-BDCC-4B64A11D757D}.Debug|Any CPU.Build.0 = Debug|Any CPU
		{2D2F1E75-7826-4DAD-BDCC-4B64A11D757D}.Release|Any CPU.ActiveCfg = Release|Any CPU
		{2D2F1E75-7826-4DAD-BDCC-4B64A11D757D}.Release|Any CPU.Build.0 = Release|Any CPU
		{0F07EB74-E9A1-4109-BCE8-75C74BE7E182}.Debug|Any CPU.ActiveCfg = Debug|Any CPU
		{0F07EB74-E9A1-4109-BCE8-75C74BE7E182}.Debug|Any CPU.Build.0 = Debug|Any CPU
		{0F07EB74-E9A1-4109-BCE8-75C74BE7E182}.Release|Any CPU.ActiveCfg = Release|Any CPU
		{0F07EB74-E9A1-4109-BCE8-75C74BE7E182}.Release|Any CPU.Build.0 = Release|Any CPU
	EndGlobalSection
	GlobalSection(SolutionProperties) = preSolution
		HideSolutionNode = FALSE
	EndGlobalSection
	GlobalSection(ExtensibilityGlobals) = postSolution
		SolutionGuid = {E34C605E-2FD3-4388-89EC-1CD01629C0F7}
	EndGlobalSection
EndGlobal
